// !$*UTF8*$!
{
	archiveVersion = 1;
	classes = {
	};
	objectVersion = 46;
	objects = {

/* Begin PBXBuildFile section */
		38CC441C15D9D95C00E029B1 /* UIKit.framework in Frameworks */ = {isa = PBXBuildFile; fileRef = 38CC441B15D9D95C00E029B1 /* UIKit.framework */; };
		38CC441E15D9D95C00E029B1 /* Foundation.framework in Frameworks */ = {isa = PBXBuildFile; fileRef = 38CC441D15D9D95C00E029B1 /* Foundation.framework */; };
		38CC442015D9D95C00E029B1 /* CoreGraphics.framework in Frameworks */ = {isa = PBXBuildFile; fileRef = 38CC441F15D9D95C00E029B1 /* CoreGraphics.framework */; };
		38CC442615D9D95C00E029B1 /* InfoPlist.strings in Resources */ = {isa = PBXBuildFile; fileRef = 38CC442415D9D95C00E029B1 /* InfoPlist.strings */; };
		38CC442815D9D95C00E029B1 /* main.m in Sources */ = {isa = PBXBuildFile; fileRef = 38CC442715D9D95C00E029B1 /* main.m */; };
		38CC442C15D9D95C00E029B1 /* AppDelegate.m in Sources */ = {isa = PBXBuildFile; fileRef = 38CC442B15D9D95C00E029B1 /* AppDelegate.m */; };
		38CC442F15D9D95C00E029B1 /* MainStoryboard_iPhone.storyboard in Resources */ = {isa = PBXBuildFile; fileRef = 38CC442D15D9D95C00E029B1 /* MainStoryboard_iPhone.storyboard */; };
		38CC443215D9D95C00E029B1 /* MainStoryboard_iPad.storyboard in Resources */ = {isa = PBXBuildFile; fileRef = 38CC443015D9D95C00E029B1 /* MainStoryboard_iPad.storyboard */; };
		38CC443515D9D95C00E029B1 /* ViewController.m in Sources */ = {isa = PBXBuildFile; fileRef = 38CC443415D9D95C00E029B1 /* ViewController.m */; };
/* End PBXBuildFile section */

/* Begin PBXFileReference section */
		38CC441715D9D95C00E029B1 /* Ratings.app */ = {isa = PBXFileReference; explicitFileType = wrapper.application; includeInIndex = 0; path = Ratings.app; sourceTree = BUILT_PRODUCTS_DIR; };
		38CC441B15D9D95C00E029B1 /* UIKit.framework */ = {isa = PBXFileReference; lastKnownFileType = wrapper.framework; name = UIKit.framework; path = System/Library/Frameworks/UIKit.framework; sourceTree = SDKROOT; };
		38CC441D15D9D95C00E029B1 /* Foundation.framework */ = {isa = PBXFileReference; lastKnownFileType = wrapper.framework; name = Foundation.framework; path = System/Library/Frameworks/Foundation.framework; sourceTree = SDKROOT; };
		38CC441F15D9D95C00E029B1 /* CoreGraphics.framework */ = {isa = PBXFileReference; lastKnownFileType = wrapper.framework; name = CoreGraphics.framework; path = System/Library/Frameworks/CoreGraphics.framework; sourceTree = SDKROOT; };
		38CC442315D9D95C00E029B1 /* Ratings-Info.plist */ = {isa = PBXFileReference; lastKnownFileType = text.plist.xml; path = "Ratings-Info.plist"; sourceTree = "<group>"; };
		38CC442515D9D95C00E029B1 /* en */ = {isa = PBXFileReference; lastKnownFileType = text.plist.strings; name = en; path = en.lproj/InfoPlist.strings; sourceTree = "<group>"; };
		38CC442715D9D95C00E029B1 /* main.m */ = {isa = PBXFileReference; lastKnownFileType = sourcecode.c.objc; path = main.m; sourceTree = "<group>"; };
		38CC442915D9D95C00E029B1 /* Ratings-Prefix.pch */ = {isa = PBXFileReference; lastKnownFileType = sourcecode.c.h; path = "Ratings-Prefix.pch"; sourceTree = "<group>"; };
		38CC442A15D9D95C00E029B1 /* AppDelegate.h */ = {isa = PBXFileReference; lastKnownFileType = sourcecode.c.h; path = AppDelegate.h; sourceTree = "<group>"; };
		38CC442B15D9D95C00E029B1 /* AppDelegate.m */ = {isa = PBXFileReference; lastKnownFileType = sourcecode.c.objc; path = AppDelegate.m; sourceTree = "<group>"; };
		38CC442E15D9D95C00E029B1 /* en */ = {isa = PBXFileReference; lastKnownFileType = file.storyboard; name = en; path = en.lproj/MainStoryboard_iPhone.storyboard; sourceTree = "<group>"; };
		38CC443115D9D95C00E029B1 /* en */ = {isa = PBXFileReference; lastKnownFileType = file.storyboard; name = en; path = en.lproj/MainStoryboard_iPad.storyboard; sourceTree = "<group>"; };
		38CC443315D9D95C00E029B1 /* ViewController.h */ = {isa = PBXFileReference; lastKnownFileType = sourcecode.c.h; path = ViewController.h; sourceTree = "<group>"; };
		38CC443415D9D95C00E029B1 /* ViewController.m */ = {isa = PBXFileReference; lastKnownFileType = sourcecode.c.objc; path = ViewController.m; sourceTree = "<group>"; };
/* End PBXFileReference section */

/* Begin PBXFrameworksBuildPhase section */
		38CC441415D9D95C00E029B1 /* Frameworks */ = {
			isa = PBXFrameworksBuildPhase;
			buildActionMask = 2147483647;
			files = (
				38CC441C15D9D95C00E029B1 /* UIKit.framework in Frameworks */,
				38CC441E15D9D95C00E029B1 /* Foundation.framework in Frameworks */,
				38CC442015D9D95C00E029B1 /* CoreGraphics.framework in Frameworks */,
			);
			runOnlyForDeploymentPostprocessing = 0;
		};
/* End PBXFrameworksBuildPhase section */

/* Begin PBXGroup section */
		38CC440C15D9D95C00E029B1 = {
			isa = PBXGroup;
			children = (
				38CC442115D9D95C00E029B1 /* Ratings */,
				38CC441A15D9D95C00E029B1 /* Frameworks */,
				38CC441815D9D95C00E029B1 /* Products */,
			);
			sourceTree = "<group>";
		};
		38CC441815D9D95C00E029B1 /* Products */ = {
			isa = PBXGroup;
			children = (
				38CC441715D9D95C00E029B1 /* Ratings.app */,
			);
			name = Products;
			sourceTree = "<group>";
		};
		38CC441A15D9D95C00E029B1 /* Frameworks */ = {
			isa = PBXGroup;
			children = (
				38CC441B15D9D95C00E029B1 /* UIKit.framework */,
				38CC441D15D9D95C00E029B1 /* Foundation.framework */,
				38CC441F15D9D95C00E029B1 /* CoreGraphics.framework */,
			);
			name = Frameworks;
			sourceTree = "<group>";
		};
		38CC442115D9D95C00E029B1 /* Ratings */ = {
			isa = PBXGroup;
			children = (
				38CC442A15D9D95C00E029B1 /* AppDelegate.h */,
				38CC442B15D9D95C00E029B1 /* AppDelegate.m */,
				38CC442D15D9D95C00E029B1 /* MainStoryboard_iPhone.storyboard */,
				38CC443015D9D95C00E029B1 /* MainStoryboard_iPad.storyboard */,
				38CC443315D9D95C00E029B1 /* ViewController.h */,
				38CC443415D9D95C00E029B1 /* ViewController.m */,
				38CC442215D9D95C00E029B1 /* Supporting Files */,
			);
			path = Ratings;
			sourceTree = "<group>";
		};
		38CC442215D9D95C00E029B1 /* Supporting Files */ = {
			isa = PBXGroup;
			children = (
				38CC442315D9D95C00E029B1 /* Ratings-Info.plist */,
				38CC442415D9D95C00E029B1 /* InfoPlist.strings */,
				38CC442715D9D95C00E029B1 /* main.m */,
				38CC442915D9D95C00E029B1 /* Ratings-Prefix.pch */,
			);
			name = "Supporting Files";
			sourceTree = "<group>";
		};
/* End PBXGroup section */

/* Begin PBXNativeTarget section */
		38CC441615D9D95C00E029B1 /* Ratings */ = {
			isa = PBXNativeTarget;
			buildConfigurationList = 38CC443815D9D95C00E029B1 /* Build configuration list for PBXNativeTarget "Ratings" */;
			buildPhases = (
				38CC441315D9D95C00E029B1 /* Sources */,
				38CC441415D9D95C00E029B1 /* Frameworks */,
				38CC441515D9D95C00E029B1 /* Resources */,
			);
			buildRules = (
			);
			dependencies = (
			);
			name = Ratings;
			productName = Ratings;
			productReference = 38CC441715D9D95C00E029B1 /* Ratings.app */;
			productType = "com.apple.product-type.application";
		};
/* End PBXNativeTarget section */

/* Begin PBXProject section */
		38CC440E15D9D95C00E029B1 /* Project object */ = {
			isa = PBXProject;
			attributes = {
				LastUpgradeCheck = 0440;
				ORGANIZATIONNAME = "Fernando Lopes";
			};
			buildConfigurationList = 38CC441115D9D95C00E029B1 /* Build configuration list for PBXProject "Ratings" */;
			compatibilityVersion = "Xcode 3.2";
			developmentRegion = English;
			hasScannedForEncodings = 0;
			knownRegions = (
				en,
			);
			mainGroup = 38CC440C15D9D95C00E029B1;
			productRefGroup = 38CC441815D9D95C00E029B1 /* Products */;
			projectDirPath = "";
			projectRoot = "";
			targets = (
				38CC441615D9D95C00E029B1 /* Ratings */,
			);
		};
/* End PBXProject section */

/* Begin PBXResourcesBuildPhase section */
		38CC441515D9D95C00E029B1 /* Resources */ = {
			isa = PBXResourcesBuildPhase;
			buildActionMask = 2147483647;
			files = (
				38CC442615D9D95C00E029B1 /* InfoPlist.strings in Resources */,
				38CC442F15D9D95C00E029B1 /* MainStoryboard_iPhone.storyboard in Resources */,
				38CC443215D9D95C00E029B1 /* MainStoryboard_iPad.storyboard in Resources */,
			);
			runOnlyForDeploymentPostprocessing = 0;
		};
/* End PBXResourcesBuildPhase section */

/* Begin PBXSourcesBuildPhase section */
		38CC441315D9D95C00E029B1 /* Sources */ = {
			isa = PBXSourcesBuildPhase;
			buildActionMask = 2147483647;
			files = (
				38CC442815D9D95C00E029B1 /* main.m in Sources */,
				38CC442C15D9D95C00E029B1 /* AppDelegate.m in Sources */,
				38CC443515D9D95C00E029B1 /* ViewController.m in Sources */,
			);
			runOnlyForDeploymentPostprocessing = 0;
		};
/* End PBXSourcesBuildPhase section */

/* Begin PBXVariantGroup section */
		38CC442415D9D95C00E029B1 /* InfoPlist.strings */ = {
			isa = PBXVariantGroup;
			children = (
				38CC442515D9D95C00E029B1 /* en */,
			);
			name = InfoPlist.strings;
			sourceTree = "<group>";
		};
		38CC442D15D9D95C00E029B1 /* MainStoryboard_iPhone.storyboard */ = {
			isa = PBXVariantGroup;
			children = (
				38CC442E15D9D95C00E029B1 /* en */,
			);
			name = MainStoryboard_iPhone.storyboard;
			sourceTree = "<group>";
		};
		38CC443015D9D95C00E029B1 /* MainStoryboard_iPad.storyboard */ = {
			isa = PBXVariantGroup;
			children = (
				38CC443115D9D95C00E029B1 /* en */,
			);
			name = MainStoryboard_iPad.storyboard;
			sourceTree = "<group>";
		};
/* End PBXVariantGroup section */

/* Begin XCBuildConfiguration section */
		38CC443615D9D95C00E029B1 /* Debug */ = {
			isa = XCBuildConfiguration;
			buildSettings = {
				ALWAYS_SEARCH_USER_PATHS = NO;
				ARCHS = "$(ARCHS_STANDARD_32_BIT)";
				CLANG_CXX_LANGUAGE_STANDARD = "gnu++0x";
				CLANG_ENABLE_OBJC_ARC = YES;
				CLANG_WARN__DUPLICATE_METHOD_MATCH = YES;
				"CODE_SIGN_IDENTITY[sdk=iphoneos*]" = "iPhone Developer";
				COPY_PHASE_STRIP = NO;
				GCC_C_LANGUAGE_STANDARD = gnu99;
				GCC_DYNAMIC_NO_PIC = NO;
				GCC_OPTIMIZATION_LEVEL = 0;
				GCC_PREPROCESSOR_DEFINITIONS = (
					"DEBUG=1",
					"$(inherited)",
				);
				GCC_SYMBOLS_PRIVATE_EXTERN = NO;
				GCC_VERSION = com.apple.compilers.llvm.clang.1_0;
				GCC_WARN_ABOUT_RETURN_TYPE = YES;
				GCC_WARN_UNINITIALIZED_AUTOS = YES;
				GCC_WARN_UNUSED_VARIABLE = YES;
				IPHONEOS_DEPLOYMENT_TARGET = 5.1;
				SDKROOT = iphoneos;
				TARGETED_DEVICE_FAMILY = "1,2";
			};
			name = Debug;
		};
		38CC443715D9D95C00E029B1 /* Release */ = {
			isa = XCBuildConfiguration;
			buildSettings = {
				ALWAYS_SEARCH_USER_PATHS = NO;
				ARCHS = "$(ARCHS_STANDARD_32_BIT)";
				CLANG_CXX_LANGUAGE_STANDARD = "gnu++0x";
				CLANG_ENABLE_OBJC_ARC = YES;
				CLANG_WARN__DUPLICATE_METHOD_MATCH = YES;
				"CODE_SIGN_IDENTITY[sdk=iphoneos*]" = "iPhone Developer";
				COPY_PHASE_STRIP = YES;
				GCC_C_LANGUAGE_STANDARD = gnu99;
				GCC_VERSION = com.apple.compilers.llvm.clang.1_0;
				GCC_WARN_ABOUT_RETURN_TYPE = YES;
				GCC_WARN_UNINITIALIZED_AUTOS = YES;
				GCC_WARN_UNUSED_VARIABLE = YES;
				IPHONEOS_DEPLOYMENT_TARGET = 5.1;
				OTHER_CFLAGS = "-DNS_BLOCK_ASSERTIONS=1";
				SDKROOT = iphoneos;
				TARGETED_DEVICE_FAMILY = "1,2";
				VALIDATE_PRODUCT = YES;
			};
			name = Release;
		};
		38CC443915D9D95C00E029B1 /* Debug */ = {
			isa = XCBuildConfiguration;
			buildSettings = {
				GCC_PRECOMPILE_PREFIX_HEADER = YES;
				GCC_PREFIX_HEADER = "Ratings/Ratings-Prefix.pch";
				INFOPLIST_FILE = "Ratings/Ratings-Info.plist";
				PRODUCT_NAME = "$(TARGET_NAME)";
				WRAPPER_EXTENSION = app;
			};
			name = Debug;
		};
		38CC443A15D9D95C00E029B1 /* Release */ = {
			isa = XCBuildConfiguration;
			buildSettings = {
				GCC_PRECOMPILE_PREFIX_HEADER = YES;
				GCC_PREFIX_HEADER = "Ratings/Ratings-Prefix.pch";
				INFOPLIST_FILE = "Ratings/Ratings-Info.plist";
				PRODUCT_NAME = "$(TARGET_NAME)";
				WRAPPER_EXTENSION = app;
			};
			name = Release;
		};
/* End XCBuildConfiguration section */

/* Begin XCConfigurationList section */
		38CC441115D9D95C00E029B1 /* Build configuration list for PBXProject "Ratings" */ = {
			isa = XCConfigurationList;
			buildConfigurations = (
				38CC443615D9D95C00E029B1 /* Debug */,
				38CC443715D9D95C00E029B1 /* Release */,
			);
			defaultConfigurationIsVisible = 0;
			defaultConfigurationName = Release;
		};
		38CC443815D9D95C00E029B1 /* Build configuration list for PBXNativeTarget "Ratings" */ = {
			isa = XCConfigurationList;
			buildConfigurations = (
				38CC443915D9D95C00E029B1 /* Debug */,
				38CC443A15D9D95C00E029B1 /* Release */,
			);
			defaultConfigurationIsVisible = 0;
		};
/* End XCConfigurationList section */
	};
	rootObject = 38CC440E15D9D95C00E029B1 /* Project object */;
}
